// !$*UTF8*$!
{
	archiveVersion = 1;
	classes = {
	};
	objectVersion = 77;
	objects = {

/* Begin PBXBuildFile section */
		023144A22EA47FC20032F400 /* Core in Frameworks */ = {isa = PBXBuildFile; productRef = 023144A12EA47FC20032F400 /* Core */; };
/* End PBXBuildFile section */

/* Begin PBXContainerItemProxy section */
		02D456C42E9C1AF700FBF09E /* PBXContainerItemProxy */ = {
			isa = PBXContainerItemProxy;
			containerPortal = 02D456AE2E9C1AF500FBF09E /* Project object */;
			proxyType = 1;
			remoteGlobalIDString = 02D456B52E9C1AF500FBF09E;
			remoteInfo = "Holly Fork";
		};
		02D456CE2E9C1AF700FBF09E /* PBXContainerItemProxy */ = {
			isa = PBXContainerItemProxy;
			containerPortal = 02D456AE2E9C1AF500FBF09E /* Project object */;
			proxyType = 1;
			remoteGlobalIDString = 02D456B52E9C1AF500FBF09E;
			remoteInfo = "Holly Fork";
		};
/* End PBXContainerItemProxy section */

/* Begin PBXFileReference section */
		02D456B62E9C1AF500FBF09E /* Holy Fork.app */ = {isa = PBXFileReference; explicitFileType = wrapper.application; includeInIndex = 0; path = "Holy Fork.app"; sourceTree = BUILT_PRODUCTS_DIR; };
		02D456C32E9C1AF700FBF09E /* Holy ForkTests.xctest */ = {isa = PBXFileReference; explicitFileType = wrapper.cfbundle; includeInIndex = 0; path = "Holy ForkTests.xctest"; sourceTree = BUILT_PRODUCTS_DIR; };
		02D456CD2E9C1AF700FBF09E /* Holy ForkUITests.xctest */ = {isa = PBXFileReference; explicitFileType = wrapper.cfbundle; includeInIndex = 0; path = "Holy ForkUITests.xctest"; sourceTree = BUILT_PRODUCTS_DIR; };
/* End PBXFileReference section */

/* Begin PBXFileSystemSynchronizedRootGroup section */
		02D456B82E9C1AF500FBF09E /* Holy Fork */ = {
			isa = PBXFileSystemSynchronizedRootGroup;
			path = "Holy Fork";
			sourceTree = "<group>";
		};
		02D456C62E9C1AF700FBF09E /* Holy ForkTests */ = {
			isa = PBXFileSystemSynchronizedRootGroup;
			path = "Holy ForkTests";
			sourceTree = "<group>";
		};
		02D456D02E9C1AF700FBF09E /* Holy ForkUITests */ = {
			isa = PBXFileSystemSynchronizedRootGroup;
			path = "Holy ForkUITests";
			sourceTree = "<group>";
		};
/* End PBXFileSystemSynchronizedRootGroup section */

/* Begin PBXFrameworksBuildPhase section */
		02D456B32E9C1AF500FBF09E /* Frameworks */ = {
			isa = PBXFrameworksBuildPhase;
			buildActionMask = 2147483647;
			files = (
				023144A22EA47FC20032F400 /* Core in Frameworks */,
			);
			runOnlyForDeploymentPostprocessing = 0;
		};
		02D456C02E9C1AF700FBF09E /* Frameworks */ = {
			isa = PBXFrameworksBuildPhase;
			buildActionMask = 2147483647;
			files = (
			);
			runOnlyForDeploymentPostprocessing = 0;
		};
		02D456CA2E9C1AF700FBF09E /* Frameworks */ = {
			isa = PBXFrameworksBuildPhase;
			buildActionMask = 2147483647;
			files = (
			);
			runOnlyForDeploymentPostprocessing = 0;
		};
/* End PBXFrameworksBuildPhase section */

/* Begin PBXGroup section */
		023144A02EA47FC20032F400 /* Frameworks */ = {
			isa = PBXGroup;
			children = (
			);
			name = Frameworks;
			sourceTree = "<group>";
		};
		02D456AD2E9C1AF500FBF09E = {
			isa = PBXGroup;
			children = (
				02D456B82E9C1AF500FBF09E /* Holy Fork */,
				02D456C62E9C1AF700FBF09E /* Holy ForkTests */,
				02D456D02E9C1AF700FBF09E /* Holy ForkUITests */,
				023144A02EA47FC20032F400 /* Frameworks */,
				02D456B72E9C1AF500FBF09E /* Products */,
			);
			sourceTree = "<group>";
		};
		02D456B72E9C1AF500FBF09E /* Products */ = {
			isa = PBXGroup;
			children = (
				02D456B62E9C1AF500FBF09E /* Holy Fork.app */,
				02D456C32E9C1AF700FBF09E /* Holy ForkTests.xctest */,
				02D456CD2E9C1AF700FBF09E /* Holy ForkUITests.xctest */,
			);
			name = Products;
			sourceTree = "<group>";
		};
/* End PBXGroup section */

/* Begin PBXNativeTarget section */
		02D456B52E9C1AF500FBF09E /* Holy Fork */ = {
			isa = PBXNativeTarget;
			buildConfigurationList = 02D456D72E9C1AF700FBF09E /* Build configuration list for PBXNativeTarget "Holy Fork" */;
			buildPhases = (
				02D456B22E9C1AF500FBF09E /* Sources */,
				02D456B32E9C1AF500FBF09E /* Frameworks */,
				02D456B42E9C1AF500FBF09E /* Resources */,
			);
			buildRules = (
			);
			dependencies = (
			);
			fileSystemSynchronizedGroups = (
				02D456B82E9C1AF500FBF09E /* Holy Fork */,
			);
			name = "Holy Fork";
			packageProductDependencies = (
				023144A12EA47FC20032F400 /* Core */,
			);
			productName = "Holly Fork";
			productReference = 02D456B62E9C1AF500FBF09E /* Holy Fork.app */;
			productType = "com.apple.product-type.application";
		};
		02D456C22E9C1AF700FBF09E /* Holy ForkTests */ = {
			isa = PBXNativeTarget;
			buildConfigurationList = 02D456DA2E9C1AF700FBF09E /* Build configuration list for PBXNativeTarget "Holy ForkTests" */;
			buildPhases = (
				02D456BF2E9C1AF700FBF09E /* Sources */,
				02D456C02E9C1AF700FBF09E /* Frameworks */,
				02D456C12E9C1AF700FBF09E /* Resources */,
			);
			buildRules = (
			);
			dependencies = (
				02D456C52E9C1AF700FBF09E /* PBXTargetDependency */,
			);
			fileSystemSynchronizedGroups = (
				02D456C62E9C1AF700FBF09E /* Holy ForkTests */,
			);
			name = "Holy ForkTests";
			packageProductDependencies = (
			);
			productName = "Holly ForkTests";
			productReference = 02D456C32E9C1AF700FBF09E /* Holy ForkTests.xctest */;
			productType = "com.apple.product-type.bundle.unit-test";
		};
		02D456CC2E9C1AF700FBF09E /* Holy ForkUITests */ = {
			isa = PBXNativeTarget;
			buildConfigurationList = 02D456DD2E9C1AF700FBF09E /* Build configuration list for PBXNativeTarget "Holy ForkUITests" */;
			buildPhases = (
				02D456C92E9C1AF700FBF09E /* Sources */,
				02D456CA2E9C1AF700FBF09E /* Frameworks */,
				02D456CB2E9C1AF700FBF09E /* Resources */,
			);
			buildRules = (
			);
			dependencies = (
				02D456CF2E9C1AF700FBF09E /* PBXTargetDependency */,
			);
			fileSystemSynchronizedGroups = (
				02D456D02E9C1AF700FBF09E /* Holy ForkUITests */,
			);
			name = "Holy ForkUITests";
			packageProductDependencies = (
			);
			productName = "Holly ForkUITests";
			productReference = 02D456CD2E9C1AF700FBF09E /* Holy ForkUITests.xctest */;
			productType = "com.apple.product-type.bundle.ui-testing";
		};
/* End PBXNativeTarget section */

/* Begin PBXProject section */
		02D456AE2E9C1AF500FBF09E /* Project object */ = {
			isa = PBXProject;
			attributes = {
				BuildIndependentTargetsInParallel = 1;
				LastSwiftUpdateCheck = 2600;
				LastUpgradeCheck = 2600;
				TargetAttributes = {
					02D456B52E9C1AF500FBF09E = {
						CreatedOnToolsVersion = 26.0;
					};
					02D456C22E9C1AF700FBF09E = {
						CreatedOnToolsVersion = 26.0;
						TestTargetID = 02D456B52E9C1AF500FBF09E;
					};
					02D456CC2E9C1AF700FBF09E = {
						CreatedOnToolsVersion = 26.0;
						TestTargetID = 02D456B52E9C1AF500FBF09E;
					};
				};
			};
			buildConfigurationList = 02D456B12E9C1AF500FBF09E /* Build configuration list for PBXProject "Holy Fork" */;
			developmentRegion = en;
			hasScannedForEncodings = 0;
			knownRegions = (
				en,
				Base,
			);
			mainGroup = 02D456AD2E9C1AF500FBF09E;
			minimizedProjectReferenceProxies = 1;
			packageReferences = (
				0231449C2EA47CD60032F400 /* XCLocalSwiftPackageReference "../Core" */,
			);
			preferredProjectObjectVersion = 77;
			productRefGroup = 02D456B72E9C1AF500FBF09E /* Products */;
			projectDirPath = "";
			projectRoot = "";
			targets = (
				02D456B52E9C1AF500FBF09E /* Holy Fork */,
				02D456C22E9C1AF700FBF09E /* Holy ForkTests */,
				02D456CC2E9C1AF700FBF09E /* Holy ForkUITests */,
			);
		};
/* End PBXProject section */

/* Begin PBXResourcesBuildPhase section */
		02D456B42E9C1AF500FBF09E /* Resources */ = {
			isa = PBXResourcesBuildPhase;
			buildActionMask = 2147483647;
			files = (
			);
			runOnlyForDeploymentPostprocessing = 0;
		};
		02D456C12E9C1AF700FBF09E /* Resources */ = {
			isa = PBXResourcesBuildPhase;
			buildActionMask = 2147483647;
			files = (
			);
			runOnlyForDeploymentPostprocessing = 0;
		};
		02D456CB2E9C1AF700FBF09E /* Resources */ = {
			isa = PBXResourcesBuildPhase;
			buildActionMask = 2147483647;
			files = (
			);
			runOnlyForDeploymentPostprocessing = 0;
		};
/* End PBXResourcesBuildPhase section */

/* Begin PBXSourcesBuildPhase section */
		02D456B22E9C1AF500FBF09E /* Sources */ = {
			isa = PBXSourcesBuildPhase;
			buildActionMask = 2147483647;
			files = (
			);
			runOnlyForDeploymentPostprocessing = 0;
		};
		02D456BF2E9C1AF700FBF09E /* Sources */ = {
			isa = PBXSourcesBuildPhase;
			buildActionMask = 2147483647;
			files = (
			);
			runOnlyForDeploymentPostprocessing = 0;
		};
		02D456C92E9C1AF700FBF09E /* Sources */ = {
			isa = PBXSourcesBuildPhase;
			buildActionMask = 2147483647;
			files = (
			);
			runOnlyForDeploymentPostprocessing = 0;
		};
/* End PBXSourcesBuildPhase section */

/* Begin PBXTargetDependency section */
		02D456C52E9C1AF700FBF09E /* PBXTargetDependency */ = {
			isa = PBXTargetDependency;
			target = 02D456B52E9C1AF500FBF09E /* Holy Fork */;
			targetProxy = 02D456C42E9C1AF700FBF09E /* PBXContainerItemProxy */;
		};
		02D456CF2E9C1AF700FBF09E /* PBXTargetDependency */ = {
			isa = PBXTargetDependency;
			target = 02D456B52E9C1AF500FBF09E /* Holy Fork */;
			targetProxy = 02D456CE2E9C1AF700FBF09E /* PBXContainerItemProxy */;
		};
/* End PBXTargetDependency section */

/* Begin XCBuildConfiguration section */
		02D456D52E9C1AF700FBF09E /* Debug */ = {
			isa = XCBuildConfiguration;
			buildSettings = {
				ALWAYS_SEARCH_USER_PATHS = NO;
				ASSETCATALOG_COMPILER_GENERATE_SWIFT_ASSET_SYMBOL_EXTENSIONS = YES;
				CLANG_ANALYZER_NONNULL = YES;
				CLANG_ANALYZER_NUMBER_OBJECT_CONVERSION = YES_AGGRESSIVE;
				CLANG_CXX_LANGUAGE_STANDARD = "gnu++20";
				CLANG_ENABLE_MODULES = YES;
				CLANG_ENABLE_OBJC_ARC = YES;
				CLANG_ENABLE_OBJC_WEAK = YES;
				CLANG_WARN_BLOCK_CAPTURE_AUTORELEASING = YES;
				CLANG_WARN_BOOL_CONVERSION = YES;
				CLANG_WARN_COMMA = YES;
				CLANG_WARN_CONSTANT_CONVERSION = YES;
				CLANG_WARN_DEPRECATED_OBJC_IMPLEMENTATIONS = YES;
				CLANG_WARN_DIRECT_OBJC_ISA_USAGE = YES_ERROR;
				CLANG_WARN_DOCUMENTATION_COMMENTS = YES;
				CLANG_WARN_EMPTY_BODY = YES;
				CLANG_WARN_ENUM_CONVERSION = YES;
				CLANG_WARN_INFINITE_RECURSION = YES;
				CLANG_WARN_INT_CONVERSION = YES;
				CLANG_WARN_NON_LITERAL_NULL_CONVERSION = YES;
				CLANG_WARN_OBJC_IMPLICIT_RETAIN_SELF = YES;
				CLANG_WARN_OBJC_LITERAL_CONVERSION = YES;
				CLANG_WARN_OBJC_ROOT_CLASS = YES_ERROR;
				CLANG_WARN_QUOTED_INCLUDE_IN_FRAMEWORK_HEADER = YES;
				CLANG_WARN_RANGE_LOOP_ANALYSIS = YES;
				CLANG_WARN_STRICT_PROTOTYPES = YES;
				CLANG_WARN_SUSPICIOUS_MOVE = YES;
				CLANG_WARN_UNGUARDED_AVAILABILITY = YES_AGGRESSIVE;
				CLANG_WARN_UNREACHABLE_CODE = YES;
				CLANG_WARN__DUPLICATE_METHOD_MATCH = YES;
				COPY_PHASE_STRIP = NO;
				DEBUG_INFORMATION_FORMAT = dwarf;
				ENABLE_STRICT_OBJC_MSGSEND = YES;
				ENABLE_TESTABILITY = YES;
				ENABLE_USER_SCRIPT_SANDBOXING = YES;
				GCC_C_LANGUAGE_STANDARD = gnu17;
				GCC_DYNAMIC_NO_PIC = NO;
				GCC_NO_COMMON_BLOCKS = YES;
				GCC_OPTIMIZATION_LEVEL = 0;
				GCC_PREPROCESSOR_DEFINITIONS = (
					"DEBUG=1",
					"$(inherited)",
				);
				GCC_WARN_64_TO_32_BIT_CONVERSION = YES;
				GCC_WARN_ABOUT_RETURN_TYPE = YES_ERROR;
				GCC_WARN_UNDECLARED_SELECTOR = YES;
				GCC_WARN_UNINITIALIZED_AUTOS = YES_AGGRESSIVE;
				GCC_WARN_UNUSED_FUNCTION = YES;
				GCC_WARN_UNUSED_VARIABLE = YES;
				IPHONEOS_DEPLOYMENT_TARGET = 26.0;
				LOCALIZATION_PREFERS_STRING_CATALOGS = YES;
				MTL_ENABLE_DEBUG_INFO = INCLUDE_SOURCE;
				MTL_FAST_MATH = YES;
				ONLY_ACTIVE_ARCH = YES;
				SDKROOT = iphoneos;
				SWIFT_ACTIVE_COMPILATION_CONDITIONS = "DEBUG $(inherited)";
				SWIFT_OPTIMIZATION_LEVEL = "-Onone";
			};
			name = Debug;
		};
		02D456D62E9C1AF700FBF09E /* Release */ = {
			isa = XCBuildConfiguration;
			buildSettings = {
				ALWAYS_SEARCH_USER_PATHS = NO;
				ASSETCATALOG_COMPILER_GENERATE_SWIFT_ASSET_SYMBOL_EXTENSIONS = YES;
				CLANG_ANALYZER_NONNULL = YES;
				CLANG_ANALYZER_NUMBER_OBJECT_CONVERSION = YES_AGGRESSIVE;
				CLANG_CXX_LANGUAGE_STANDARD = "gnu++20";
				CLANG_ENABLE_MODULES = YES;
				CLANG_ENABLE_OBJC_ARC = YES;
				CLANG_ENABLE_OBJC_WEAK = YES;
				CLANG_WARN_BLOCK_CAPTURE_AUTORELEASING = YES;
				CLANG_WARN_BOOL_CONVERSION = YES;
				CLANG_WARN_COMMA = YES;
				CLANG_WARN_CONSTANT_CONVERSION = YES;
				CLANG_WARN_DEPRECATED_OBJC_IMPLEMENTATIONS = YES;
				CLANG_WARN_DIRECT_OBJC_ISA_USAGE = YES_ERROR;
				CLANG_WARN_DOCUMENTATION_COMMENTS = YES;
				CLANG_WARN_EMPTY_BODY = YES;
				CLANG_WARN_ENUM_CONVERSION = YES;
				CLANG_WARN_INFINITE_RECURSION = YES;
				CLANG_WARN_INT_CONVERSION = YES;
				CLANG_WARN_NON_LITERAL_NULL_CONVERSION = YES;
				CLANG_WARN_OBJC_IMPLICIT_RETAIN_SELF = YES;
				CLANG_WARN_OBJC_LITERAL_CONVERSION = YES;
				CLANG_WARN_OBJC_ROOT_CLASS = YES_ERROR;
				CLANG_WARN_QUOTED_INCLUDE_IN_FRAMEWORK_HEADER = YES;
				CLANG_WARN_RANGE_LOOP_ANALYSIS = YES;
				CLANG_WARN_STRICT_PROTOTYPES = YES;
				CLANG_WARN_SUSPICIOUS_MOVE = YES;
				CLANG_WARN_UNGUARDED_AVAILABILITY = YES_AGGRESSIVE;
				CLANG_WARN_UNREACHABLE_CODE = YES;
				CLANG_WARN__DUPLICATE_METHOD_MATCH = YES;
				COPY_PHASE_STRIP = NO;
				DEBUG_INFORMATION_FORMAT = "dwarf-with-dsym";
				ENABLE_NS_ASSERTIONS = NO;
				ENABLE_STRICT_OBJC_MSGSEND = YES;
				ENABLE_USER_SCRIPT_SANDBOXING = YES;
				GCC_C_LANGUAGE_STANDARD = gnu17;
				GCC_NO_COMMON_BLOCKS = YES;
				GCC_WARN_64_TO_32_BIT_CONVERSION = YES;
				GCC_WARN_ABOUT_RETURN_TYPE = YES_ERROR;
				GCC_WARN_UNDECLARED_SELECTOR = YES;
				GCC_WARN_UNINITIALIZED_AUTOS = YES_AGGRESSIVE;
				GCC_WARN_UNUSED_FUNCTION = YES;
				GCC_WARN_UNUSED_VARIABLE = YES;
				IPHONEOS_DEPLOYMENT_TARGET = 26.0;
				LOCALIZATION_PREFERS_STRING_CATALOGS = YES;
				MTL_ENABLE_DEBUG_INFO = NO;
				MTL_FAST_MATH = YES;
				SDKROOT = iphoneos;
				SWIFT_COMPILATION_MODE = wholemodule;
				VALIDATE_PRODUCT = YES;
			};
			name = Release;
		};
		02D456D82E9C1AF700FBF09E /* Debug */ = {
			isa = XCBuildConfiguration;
			buildSettings = {
				ASSETCATALOG_COMPILER_APPICON_NAME = AppIcon;
				ASSETCATALOG_COMPILER_GLOBAL_ACCENT_COLOR_NAME = AccentColor;
				CODE_SIGN_IDENTITY = "Apple Development";
				CODE_SIGN_STYLE = Automatic;
				DEVELOPMENT_TEAM = 4669UBHPP6;
				ENABLE_PREVIEWS = YES;
				GENERATE_INFOPLIST_FILE = YES;
				INFOPLIST_KEY_LSApplicationCategoryType = "public.app-category.food-and-drink";
				INFOPLIST_KEY_UIApplicationSceneManifest_Generation = YES;
				INFOPLIST_KEY_UIApplicationSupportsIndirectInputEvents = YES;
				INFOPLIST_KEY_UILaunchScreen_Generation = YES;
				INFOPLIST_KEY_UIStatusBarHidden = NO;
				INFOPLIST_KEY_UISupportedInterfaceOrientations = UIInterfaceOrientationPortrait;
				INFOPLIST_KEY_UISupportedInterfaceOrientations_iPad = UIInterfaceOrientationLandscapeRight;
				IPHONEOS_DEPLOYMENT_TARGET = 18.6;
				LD_RUNPATH_SEARCH_PATHS = (
					"$(inherited)",
					"@executable_path/Frameworks",
				);
				MARKETING_VERSION = 1.0;
				PRODUCT_BUNDLE_IDENTIFIER = com.nicolasr.hfdev.1;
				PRODUCT_NAME = "$(TARGET_NAME)";
				PROVISIONING_PROFILE_SPECIFIER = "";
				STRING_CATALOG_GENERATE_SYMBOLS = YES;
				SWIFT_APPROACHABLE_CONCURRENCY = YES;
				SWIFT_DEFAULT_ACTOR_ISOLATION = MainActor;
				SWIFT_EMIT_LOC_STRINGS = YES;
				SWIFT_UPCOMING_FEATURE_MEMBER_IMPORT_VISIBILITY = YES;
				SWIFT_VERSION = 5.0;
				TARGETED_DEVICE_FAMILY = "1,2";
			};
			name = Debug;
		};
		02D456D92E9C1AF700FBF09E /* Release */ = {
			isa = XCBuildConfiguration;
			buildSettings = {
				ASSETCATALOG_COMPILER_APPICON_NAME = AppIcon;
				ASSETCATALOG_COMPILER_GLOBAL_ACCENT_COLOR_NAME = AccentColor;
				CODE_SIGN_IDENTITY = "Apple Development";
				CODE_SIGN_STYLE = Automatic;
				DEVELOPMENT_TEAM = 4669UBHPP6;
				ENABLE_PREVIEWS = YES;
				GENERATE_INFOPLIST_FILE = YES;
				INFOPLIST_KEY_LSApplicationCategoryType = "public.app-category.food-and-drink";
				INFOPLIST_KEY_UIApplicationSceneManifest_Generation = YES;
				INFOPLIST_KEY_UIApplicationSupportsIndirectInputEvents = YES;
				INFOPLIST_KEY_UILaunchScreen_Generation = YES;
				INFOPLIST_KEY_UIStatusBarHidden = NO;
				INFOPLIST_KEY_UISupportedInterfaceOrientations = UIInterfaceOrientationPortrait;
				INFOPLIST_KEY_UISupportedInterfaceOrientations_iPad = UIInterfaceOrientationLandscapeRight;
				IPHONEOS_DEPLOYMENT_TARGET = 18.6;
				LD_RUNPATH_SEARCH_PATHS = (
					"$(inherited)",
					"@executable_path/Frameworks",
				);
				MARKETING_VERSION = 1.0;
				PRODUCT_BUNDLE_IDENTIFIER = com.nicolasr.hfdev.1;
				PRODUCT_NAME = "$(TARGET_NAME)";
				PROVISIONING_PROFILE_SPECIFIER = "";
				STRING_CATALOG_GENERATE_SYMBOLS = YES;
				SWIFT_APPROACHABLE_CONCURRENCY = YES;
				SWIFT_DEFAULT_ACTOR_ISOLATION = MainActor;
				SWIFT_EMIT_LOC_STRINGS = YES;
				SWIFT_UPCOMING_FEATURE_MEMBER_IMPORT_VISIBILITY = YES;
				SWIFT_VERSION = 5.0;
				TARGETED_DEVICE_FAMILY = "1,2";
			};
			name = Release;
		};
		02D456DB2E9C1AF700FBF09E /* Debug */ = {
			isa = XCBuildConfiguration;
			buildSettings = {
				BUNDLE_LOADER = "$(TEST_HOST)";
				CODE_SIGN_STYLE = Automatic;
				CURRENT_PROJECT_VERSION = 1;
				DEVELOPMENT_TEAM = D8JQNYR9DX;
				GENERATE_INFOPLIST_FILE = YES;
				IPHONEOS_DEPLOYMENT_TARGET = 26.0;
				MARKETING_VERSION = 1.0;
				PRODUCT_BUNDLE_IDENTIFIER = "HollyFork.Holly-ForkTests";
				PRODUCT_NAME = "$(TARGET_NAME)";
				STRING_CATALOG_GENERATE_SYMBOLS = NO;
				SWIFT_APPROACHABLE_CONCURRENCY = YES;
				SWIFT_EMIT_LOC_STRINGS = NO;
				SWIFT_UPCOMING_FEATURE_MEMBER_IMPORT_VISIBILITY = YES;
				SWIFT_VERSION = 5.0;
				TARGETED_DEVICE_FAMILY = "1,2";
				TEST_HOST = "$(BUILT_PRODUCTS_DIR)/Holy Fork.app/$(BUNDLE_EXECUTABLE_FOLDER_PATH)/Holy Fork";
			};
			name = Debug;
		};
		02D456DC2E9C1AF700FBF09E /* Release */ = {
			isa = XCBuildConfiguration;
			buildSettings = {
				BUNDLE_LOADER = "$(TEST_HOST)";
				CODE_SIGN_STYLE = Automatic;
				CURRENT_PROJECT_VERSION = 1;
				GENERATE_INFOPLIST_FILE = YES;
				IPHONEOS_DEPLOYMENT_TARGET = 26.0;
				MARKETING_VERSION = 1.0;
				PRODUCT_BUNDLE_IDENTIFIER = "HollyFork.Holly-ForkTests";
				PRODUCT_NAME = "$(TARGET_NAME)";
				STRING_CATALOG_GENERATE_SYMBOLS = NO;
				SWIFT_APPROACHABLE_CONCURRENCY = YES;
				SWIFT_EMIT_LOC_STRINGS = NO;
				SWIFT_UPCOMING_FEATURE_MEMBER_IMPORT_VISIBILITY = YES;
				SWIFT_VERSION = 5.0;
				TARGETED_DEVICE_FAMILY = "1,2";
				TEST_HOST = "$(BUILT_PRODUCTS_DIR)/Holy Fork.app/$(BUNDLE_EXECUTABLE_FOLDER_PATH)/Holy Fork";
			};
			name = Release;
		};
		02D456DE2E9C1AF700FBF09E /* Debug */ = {
			isa = XCBuildConfiguration;
			buildSettings = {
				CODE_SIGN_STYLE = Automatic;
				CURRENT_PROJECT_VERSION = 1;
				DEVELOPMENT_TEAM = D8JQNYR9DX;
				GENERATE_INFOPLIST_FILE = YES;
				MARKETING_VERSION = 1.0;
				PRODUCT_BUNDLE_IDENTIFIER = "HollyFork.Holly-ForkUITests";
				PRODUCT_NAME = "$(TARGET_NAME)";
				STRING_CATALOG_GENERATE_SYMBOLS = NO;
				SWIFT_APPROACHABLE_CONCURRENCY = YES;
				SWIFT_EMIT_LOC_STRINGS = NO;
				SWIFT_UPCOMING_FEATURE_MEMBER_IMPORT_VISIBILITY = YES;
				SWIFT_VERSION = 5.0;
				TARGETED_DEVICE_FAMILY = "1,2";
				TEST_TARGET_NAME = "Holly Fork";
			};
			name = Debug;
		};
		02D456DF2E9C1AF700FBF09E /* Release */ = {
			isa = XCBuildConfiguration;
			buildSettings = {
				CODE_SIGN_STYLE = Automatic;
				CURRENT_PROJECT_VERSION = 1;
				GENERATE_INFOPLIST_FILE = YES;
				MARKETING_VERSION = 1.0;
				PRODUCT_BUNDLE_IDENTIFIER = "HollyFork.Holly-ForkUITests";
				PRODUCT_NAME = "$(TARGET_NAME)";
				STRING_CATALOG_GENERATE_SYMBOLS = NO;
				SWIFT_APPROACHABLE_CONCURRENCY = YES;
				SWIFT_EMIT_LOC_STRINGS = NO;
				SWIFT_UPCOMING_FEATURE_MEMBER_IMPORT_VISIBILITY = YES;
				SWIFT_VERSION = 5.0;
				TARGETED_DEVICE_FAMILY = "1,2";
				TEST_TARGET_NAME = "Holly Fork";
			};
			name = Release;
		};
/* End XCBuildConfiguration section */

/* Begin XCConfigurationList section */
		02D456B12E9C1AF500FBF09E /* Build configuration list for PBXProject "Holy Fork" */ = {
			isa = XCConfigurationList;
			buildConfigurations = (
				02D456D52E9C1AF700FBF09E /* Debug */,
				02D456D62E9C1AF700FBF09E /* Release */,
			);
			defaultConfigurationIsVisible = 0;
			defaultConfigurationName = Release;
		};
		02D456D72E9C1AF700FBF09E /* Build configuration list for PBXNativeTarget "Holy Fork" */ = {
			isa = XCConfigurationList;
			buildConfigurations = (
				02D456D82E9C1AF700FBF09E /* Debug */,
				02D456D92E9C1AF700FBF09E /* Release */,
			);
			defaultConfigurationIsVisible = 0;
			defaultConfigurationName = Release;
		};
		02D456DA2E9C1AF700FBF09E /* Build configuration list for PBXNativeTarget "Holy ForkTests" */ = {
			isa = XCConfigurationList;
			buildConfigurations = (
				02D456DB2E9C1AF700FBF09E /* Debug */,
				02D456DC2E9C1AF700FBF09E /* Release */,
			);
			defaultConfigurationIsVisible = 0;
			defaultConfigurationName = Release;
		};
		02D456DD2E9C1AF700FBF09E /* Build configuration list for PBXNativeTarget "Holy ForkUITests" */ = {
			isa = XCConfigurationList;
			buildConfigurations = (
				02D456DE2E9C1AF700FBF09E /* Debug */,
				02D456DF2E9C1AF700FBF09E /* Release */,
			);
			defaultConfigurationIsVisible = 0;
			defaultConfigurationName = Release;
		};
/* End XCConfigurationList section */

/* Begin XCLocalSwiftPackageReference section */
		0231449C2EA47CD60032F400 /* XCLocalSwiftPackageReference "../Core" */ = {
			isa = XCLocalSwiftPackageReference;
			relativePath = ../Core;
		};
/* End XCLocalSwiftPackageReference section */

/* Begin XCSwiftPackageProductDependency section */
		023144A12EA47FC20032F400 /* Core */ = {
			isa = XCSwiftPackageProductDependency;
			package = 0231449C2EA47CD60032F400 /* XCLocalSwiftPackageReference "../Core" */;
			productName = Core;
		};
/* End XCSwiftPackageProductDependency section */
	};
	rootObject = 02D456AE2E9C1AF500FBF09E /* Project object */;
}
